
Microsoft Visual Studio Solution File, Format Version 12.00
# Visual Studio Version 17
VisualStudioVersion = 17.3.32901.215
MinimumVisualStudioVersion = 10.0.40219.1
Project("{2150E333-8FDC-42A3-9474-1A3956D46DE8}") = "Services", "Services", "{2A93062F-052F-401A-8A33-EBDE022267F5}"
EndProject
Project("{2150E333-8FDC-42A3-9474-1A3956D46DE8}") = "Catalog", "Catalog", "{8BBF34EA-4646-4394-B0AC-584FC86419FE}"
EndProject
Project("{FAE04EC0-301F-11D3-BF4B-00C04F79EFBC}") = "Catalog.API", " Services\Catalog\Catalog.API\Catalog.API.csproj", "{452F1619-FD7A-4FCC-8A0B-8FC83F0C03E3}"
EndProject
Global
	GlobalSection(SolutionConfigurationPlatforms) = preSolution
		Debug|Any CPU = Debug|Any CPU
		Release|Any CPU = Release|Any CPU
	EndGlobalSection
	GlobalSection(ProjectConfigurationPlatforms) = postSolution
		{452F1619-FD7A-4FCC-8A0B-8FC83F0C03E3}.Debug|Any CPU.ActiveCfg = Debug|Any CPU
		{452F1619-FD7A-4FCC-8A0B-8FC83F0C03E3}.Debug|Any CPU.Build.0 = Debug|Any CPU
		{452F1619-FD7A-4FCC-8A0B-8FC83F0C03E3}.Release|Any CPU.ActiveCfg = Release|Any CPU
		{452F1619-FD7A-4FCC-8A0B-8FC83F0C03E3}.Release|Any CPU.Build.0 = Release|Any CPU
	EndGlobalSection
	GlobalSection(SolutionProperties) = preSolution
		HideSolutionNode = FALSE
	EndGlobalSection
	GlobalSection(NestedProjects) = preSolution
		{8BBF34EA-4646-4394-B0AC-584FC86419FE} = {2A93062F-052F-401A-8A33-EBDE022267F5}
		{452F1619-FD7A-4FCC-8A0B-8FC83F0C03E3} = {8BBF34EA-4646-4394-B0AC-584FC86419FE}
	EndGlobalSection
	GlobalSection(ExtensibilityGlobals) = postSolution
		SolutionGuid = {BBF7B324-6521-4832-AF31-27AFDF7334E9}
	EndGlobalSection
EndGlobal
